
Microsoft Visual Studio Solution File, Format Version 12.00
# Visual Studio Version 16
VisualStudioVersion = 16.0.30523.141
MinimumVisualStudioVersion = 10.0.40219.1
Project("{8BC9CEB8-8B4A-11D0-8D11-00A0C91BC942}") = "Lab2", "Lab2\Lab2.vcxproj", "{DC9F4333-78A1-4B8A-A37C-9166F2B243F1}"
EndProject
Project("{8BC9CEB8-8B4A-11D0-8D11-00A0C91BC942}") = "Lab3", "Lab3\Lab3.vcxproj", "{CBD0D8AD-1D6D-4953-9C21-C925891C1D89}"
EndProject
Project("{8BC9CEB8-8B4A-11D0-8D11-00A0C91BC942}") = "Lab5", "Lab5\Lab5\Lab5.vcxproj", "{F83FBD17-5871-4903-B71A-2A04E07C9169}"
EndProject
Project("{8BC9CEB8-8B4A-11D0-8D11-00A0C91BC942}") = "Lab6", "Lab6\Lab6\Lab6.vcxproj", "{5C2CEB32-279C-43ED-ABC2-8722FC743AD5}"
EndProject
Project("{8BC9CEB8-8B4A-11D0-8D11-00A0C91BC942}") = "Lab1(1)", "Lab1\Lab1(1)\Lab1(1).vcxproj", "{735FD07C-2011-45AC-867B-0C0C7F662E30}"
EndProject
Project("{8BC9CEB8-8B4A-11D0-8D11-00A0C91BC942}") = "Lab1(2)", "Lab1\Lab1(2)\Lab1(2).vcxproj", "{6F2CEB05-A02B-4923-AAD1-41919855F061}"
EndProject
Project("{8BC9CEB8-8B4A-11D0-8D11-00A0C91BC942}") = "Lab1(3)", "Lab1\Lab1(3)\Lab1(3).vcxproj", "{C19CA8E3-42B8-416E-A8DB-72927567C90B}"
EndProject
Project("{8BC9CEB8-8B4A-11D0-8D11-00A0C91BC942}") = "Lab1(4)", "Lab1\Lab1(4)\Lab1(4).vcxproj", "{68EF0B3C-AD13-4E86-9DD8-4ADA81482386}"
EndProject
Project("{8BC9CEB8-8B4A-11D0-8D11-00A0C91BC942}") = "Lab1(5)", "Lab1\Lab1(5)\Lab1(5).vcxproj", "{F6849A23-033F-4E3A-A843-F9CC41C697E0}"
EndProject
Project("{8BC9CEB8-8B4A-11D0-8D11-00A0C91BC942}") = "Lab1(6)", "Lab1\Lab1(6)\Lab1(6).vcxproj", "{62EA706B-1A68-46CC-8121-62AA3A5C00CC}"
EndProject
Project("{8BC9CEB8-8B4A-11D0-8D11-00A0C91BC942}") = "Lab5(a)", "Lab5\Lab5(a)\Lab5(a).vcxproj", "{0DD81528-DE26-455A-BAA3-F36DEE0C84B6}"
EndProject
Project("{8BC9CEB8-8B4A-11D0-8D11-00A0C91BC942}") = "Lab5(b)", "Lab5\Lab5(b)\Lab5(b).vcxproj", "{2325CD0C-221D-495C-B89D-CC4CBB144E10}"
EndProject
Global
	GlobalSection(SolutionConfigurationPlatforms) = preSolution
		Debug|x64 = Debug|x64
		Debug|x86 = Debug|x86
		Release|x64 = Release|x64
		Release|x86 = Release|x86
	EndGlobalSection
	GlobalSection(ProjectConfigurationPlatforms) = postSolution
		{DC9F4333-78A1-4B8A-A37C-9166F2B243F1}.Debug|x64.ActiveCfg = Debug|x64
		{DC9F4333-78A1-4B8A-A37C-9166F2B243F1}.Debug|x64.Build.0 = Debug|x64
		{DC9F4333-78A1-4B8A-A37C-9166F2B243F1}.Debug|x86.ActiveCfg = Debug|Win32
		{DC9F4333-78A1-4B8A-A37C-9166F2B243F1}.Debug|x86.Build.0 = Debug|Win32
		{DC9F4333-78A1-4B8A-A37C-9166F2B243F1}.Release|x64.ActiveCfg = Release|x64
		{DC9F4333-78A1-4B8A-A37C-9166F2B243F1}.Release|x64.Build.0 = Release|x64
		{DC9F4333-78A1-4B8A-A37C-9166F2B243F1}.Release|x86.ActiveCfg = Release|Win32
		{DC9F4333-78A1-4B8A-A37C-9166F2B243F1}.Release|x86.Build.0 = Release|Win32
		{CBD0D8AD-1D6D-4953-9C21-C925891C1D89}.Debug|x64.ActiveCfg = Debug|x64
		{CBD0D8AD-1D6D-4953-9C21-C925891C1D89}.Debug|x64.Build.0 = Debug|x64
		{CBD0D8AD-1D6D-4953-9C21-C925891C1D89}.Debug|x86.ActiveCfg = Debug|Win32
		{CBD0D8AD-1D6D-4953-9C21-C925891C1D89}.Debug|x86.Build.0 = Debug|Win32
		{CBD0D8AD-1D6D-4953-9C21-C925891C1D89}.Release|x64.ActiveCfg = Release|x64
		{CBD0D8AD-1D6D-4953-9C21-C925891C1D89}.Release|x64.Build.0 = Release|x64
		{CBD0D8AD-1D6D-4953-9C21-C925891C1D89}.Release|x86.ActiveCfg = Release|Win32
		{CBD0D8AD-1D6D-4953-9C21-C925891C1D89}.Release|x86.Build.0 = Release|Win32
		{F83FBD17-5871-4903-B71A-2A04E07C9169}.Debug|x64.ActiveCfg = Debug|x64
		{F83FBD17-5871-4903-B71A-2A04E07C9169}.Debug|x64.Build.0 = Debug|x64
		{F83FBD17-5871-4903-B71A-2A04E07C9169}.Debug|x86.ActiveCfg = Debug|Win32
		{F83FBD17-5871-4903-B71A-2A04E07C9169}.Debug|x86.Build.0 = Debug|Win32
		{F83FBD17-5871-4903-B71A-2A04E07C9169}.Release|x64.ActiveCfg = Release|x64
		{F83FBD17-5871-4903-B71A-2A04E07C9169}.Release|x64.Build.0 = Release|x64
		{F83FBD17-5871-4903-B71A-2A04E07C9169}.Release|x86.ActiveCfg = Release|Win32
		{F83FBD17-5871-4903-B71A-2A04E07C9169}.Release|x86.Build.0 = Release|Win32
		{5C2CEB32-279C-43ED-ABC2-8722FC743AD5}.Debug|x64.ActiveCfg = Debug|x64
		{5C2CEB32-279C-43ED-ABC2-8722FC743AD5}.Debug|x64.Build.0 = Debug|x64
		{5C2CEB32-279C-43ED-ABC2-8722FC743AD5}.Debug|x86.ActiveCfg = Debug|Win32
		{5C2CEB32-279C-43ED-ABC2-8722FC743AD5}.Debug|x86.Build.0 = Debug|Win32
		{5C2CEB32-279C-43ED-ABC2-8722FC743AD5}.Release|x64.ActiveCfg = Release|x64
		{5C2CEB32-279C-43ED-ABC2-8722FC743AD5}.Release|x64.Build.0 = Release|x64
		{5C2CEB32-279C-43ED-ABC2-8722FC743AD5}.Release|x86.ActiveCfg = Release|Win32
		{5C2CEB32-279C-43ED-ABC2-8722FC743AD5}.Release|x86.Build.0 = Release|Win32
		{735FD07C-2011-45AC-867B-0C0C7F662E30}.Debug|x64.ActiveCfg = Debug|x64
		{735FD07C-2011-45AC-867B-0C0C7F662E30}.Debug|x64.Build.0 = Debug|x64
		{735FD07C-2011-45AC-867B-0C0C7F662E30}.Debug|x86.ActiveCfg = Debug|Win32
		{735FD07C-2011-45AC-867B-0C0C7F662E30}.Debug|x86.Build.0 = Debug|Win32
		{735FD07C-2011-45AC-867B-0C0C7F662E30}.Release|x64.ActiveCfg = Release|x64
		{735FD07C-2011-45AC-867B-0C0C7F662E30}.Release|x64.Build.0 = Release|x64
		{735FD07C-2011-45AC-867B-0C0C7F662E30}.Release|x86.ActiveCfg = Release|Win32
		{735FD07C-2011-45AC-867B-0C0C7F662E30}.Release|x86.Build.0 = Release|Win32
		{6F2CEB05-A02B-4923-AAD1-41919855F061}.Debug|x64.ActiveCfg = Debug|x64
		{6F2CEB05-A02B-4923-AAD1-41919855F061}.Debug|x64.Build.0 = Debug|x64
		{6F2CEB05-A02B-4923-AAD1-41919855F061}.Debug|x86.ActiveCfg = Debug|Win32
		{6F2CEB05-A02B-4923-AAD1-41919855F061}.Debug|x86.Build.0 = Debug|Win32
		{6F2CEB05-A02B-4923-AAD1-41919855F061}.Release|x64.ActiveCfg = Release|x64
		{6F2CEB05-A02B-4923-AAD1-41919855F061}.Release|x64.Build.0 = Release|x64
		{6F2CEB05-A02B-4923-AAD1-41919855F061}.Release|x86.ActiveCfg = Release|Win32
		{6F2CEB05-A02B-4923-AAD1-41919855F061}.Release|x86.Build.0 = Release|Win32
		{C19CA8E3-42B8-416E-A8DB-72927567C90B}.Debug|x64.ActiveCfg = Debug|x64
		{C19CA8E3-42B8-416E-A8DB-72927567C90B}.Debug|x64.Build.0 = Debug|x64
		{C19CA8E3-42B8-416E-A8DB-72927567C90B}.Debug|x86.ActiveCfg = Debug|Win32
		{C19CA8E3-42B8-416E-A8DB-72927567C90B}.Debug|x86.Build.0 = Debug|Win32
		{C19CA8E3-42B8-416E-A8DB-72927567C90B}.Release|x64.ActiveCfg = Release|x64
		{C19CA8E3-42B8-416E-A8DB-72927567C90B}.Release|x64.Build.0 = Release|x64
		{C19CA8E3-42B8-416E-A8DB-72927567C90B}.Release|x86.ActiveCfg = Release|Win32
		{C19CA8E3-42B8-416E-A8DB-72927567C90B}.Release|x86.Build.0 = Release|Win32
		{68EF0B3C-AD13-4E86-9DD8-4ADA81482386}.Debug|x64.ActiveCfg = Debug|x64
		{68EF0B3C-AD13-4E86-9DD8-4ADA81482386}.Debug|x64.Build.0 = Debug|x64
		{68EF0B3C-AD13-4E86-9DD8-4ADA81482386}.Debug|x86.ActiveCfg = Debug|Win32
		{68EF0B3C-AD13-4E86-9DD8-4ADA81482386}.Debug|x86.Build.0 = Debug|Win32
		{68EF0B3C-AD13-4E86-9DD8-4ADA81482386}.Release|x64.ActiveCfg = Release|x64
		{68EF0B3C-AD13-4E86-9DD8-4ADA81482386}.Release|x64.Build.0 = Release|x64
		{68EF0B3C-AD13-4E86-9DD8-4ADA81482386}.Release|x86.ActiveCfg = Release|Win32
		{68EF0B3C-AD13-4E86-9DD8-4ADA81482386}.Release|x86.Build.0 = Release|Win32
		{F6849A23-033F-4E3A-A843-F9CC41C697E0}.Debug|x64.ActiveCfg = Debug|x64
		{F6849A23-033F-4E3A-A843-F9CC41C697E0}.Debug|x64.Build.0 = Debug|x64
		{F6849A23-033F-4E3A-A843-F9CC41C697E0}.Debug|x86.ActiveCfg = Debug|Win32
		{F6849A23-033F-4E3A-A843-F9CC41C697E0}.Debug|x86.Build.0 = Debug|Win32
		{F6849A23-033F-4E3A-A843-F9CC41C697E0}.Release|x64.ActiveCfg = Release|x64
		{F6849A23-033F-4E3A-A843-F9CC41C697E0}.Release|x64.Build.0 = Release|x64
		{F6849A23-033F-4E3A-A843-F9CC41C697E0}.Release|x86.ActiveCfg = Release|Win32
		{F6849A23-033F-4E3A-A843-F9CC41C697E0}.Release|x86.Build.0 = Release|Win32
		{62EA706B-1A68-46CC-8121-62AA3A5C00CC}.Debug|x64.ActiveCfg = Debug|x64
		{62EA706B-1A68-46CC-8121-62AA3A5C00CC}.Debug|x64.Build.0 = Debug|x64
		{62EA706B-1A68-46CC-8121-62AA3A5C00CC}.Debug|x86.ActiveCfg = Debug|Win32
		{62EA706B-1A68-46CC-8121-62AA3A5C00CC}.Debug|x86.Build.0 = Debug|Win32
		{62EA706B-1A68-46CC-8121-62AA3A5C00CC}.Release|x64.ActiveCfg = Release|x64
		{62EA706B-1A68-46CC-8121-62AA3A5C00CC}.Release|x64.Build.0 = Release|x64
		{62EA706B-1A68-46CC-8121-62AA3A5C00CC}.Release|x86.ActiveCfg = Release|Win32
		{62EA706B-1A68-46CC-8121-62AA3A5C00CC}.Release|x86.Build.0 = Release|Win32
		{0DD81528-DE26-455A-BAA3-F36DEE0C84B6}.Debug|x64.ActiveCfg = Debug|x64
		{0DD81528-DE26-455A-BAA3-F36DEE0C84B6}.Debug|x64.Build.0 = Debug|x64
		{0DD81528-DE26-455A-BAA3-F36DEE0C84B6}.Debug|x86.ActiveCfg = Debug|Win32
		{0DD81528-DE26-455A-BAA3-F36DEE0C84B6}.Debug|x86.Build.0 = Debug|Win32
		{0DD81528-DE26-455A-BAA3-F36DEE0C84B6}.Release|x64.ActiveCfg = Release|x64
		{0DD81528-DE26-455A-BAA3-F36DEE0C84B6}.Release|x64.Build.0 = Release|x64
		{0DD81528-DE26-455A-BAA3-F36DEE0C84B6}.Release|x86.ActiveCfg = Release|Win32
		{0DD81528-DE26-455A-BAA3-F36DEE0C84B6}.Release|x86.Build.0 = Release|Win32
		{2325CD0C-221D-495C-B89D-CC4CBB144E10}.Debug|x64.ActiveCfg = Debug|x64
		{2325CD0C-221D-495C-B89D-CC4CBB144E10}.Debug|x64.Build.0 = Debug|x64
		{2325CD0C-221D-495C-B89D-CC4CBB144E10}.Debug|x86.ActiveCfg = Debug|Win32
		{2325CD0C-221D-495C-B89D-CC4CBB144E10}.Debug|x86.Build.0 = Debug|Win32
		{2325CD0C-221D-495C-B89D-CC4CBB144E10}.Release|x64.ActiveCfg = Release|x64
		{2325CD0C-221D-495C-B89D-CC4CBB144E10}.Release|x64.Build.0 = Release|x64
		{2325CD0C-221D-495C-B89D-CC4CBB144E10}.Release|x86.ActiveCfg = Release|Win32
		{2325CD0C-221D-495C-B89D-CC4CBB144E10}.Release|x86.Build.0 = Release|Win32
	EndGlobalSection
	GlobalSection(SolutionProperties) = preSolution
		HideSolutionNode = FALSE
	EndGlobalSection
	GlobalSection(ExtensibilityGlobals) = postSolution
		SolutionGuid = {9DD8B5ED-6FAA-4920-A620-6B9A70F30075}
	EndGlobalSection
EndGlobal
